
Microsoft Visual Studio Solution File, Format Version 12.00
# Visual Studio Version 17
VisualStudioVersion = 17.9.34723.18
MinimumVisualStudioVersion = 10.0.40219.1
Project("{FAE04EC0-301F-11D3-BF4B-00C04F79EFBC}") = "BFF_Web_App", "BFF_Web_App\BFF_Web_App.csproj", "{75CE5666-52DD-48B3-866D-95716D58F88F}"
EndProject
Project("{FAE04EC0-301F-11D3-BF4B-00C04F79EFBC}") = "BFF_Web_App.Client", "BFF_Web_App.Client\BFF_Web_App.Client.csproj", "{62400DDA-91F3-4F09-9F1D-218676A61C7A}"
EndProject
Global
	GlobalSection(SolutionConfigurationPlatforms) = preSolution
		Debug|Any CPU = Debug|Any CPU
		Release|Any CPU = Release|Any CPU
	EndGlobalSection
	GlobalSection(ProjectConfigurationPlatforms) = postSolution
		{75CE5666-52DD-48B3-866D-95716D58F88F}.Debug|Any CPU.ActiveCfg = Debug|Any CPU
		{75CE5666-52DD-48B3-866D-95716D58F88F}.Debug|Any CPU.Build.0 = Debug|Any CPU
		{75CE5666-52DD-48B3-866D-95716D58F88F}.Release|Any CPU.ActiveCfg = Release|Any CPU
		{75CE5666-52DD-48B3-866D-95716D58F88F}.Release|Any CPU.Build.0 = Release|Any CPU
		{62400DDA-91F3-4F09-9F1D-218676A61C7A}.Debug|Any CPU.ActiveCfg = Debug|Any CPU
		{62400DDA-91F3-4F09-9F1D-218676A61C7A}.Debug|Any CPU.Build.0 = Debug|Any CPU
		{62400DDA-91F3-4F09-9F1D-218676A61C7A}.Release|Any CPU.ActiveCfg = Release|Any CPU
		{62400DDA-91F3-4F09-9F1D-218676A61C7A}.Release|Any CPU.Build.0 = Release|Any CPU
	EndGlobalSection
	GlobalSection(SolutionProperties) = preSolution
		HideSolutionNode = FALSE
	EndGlobalSection
	GlobalSection(ExtensibilityGlobals) = postSolution
		SolutionGuid = {278918E0-1578-4C3B-9097-FD6E871CFE42}
	EndGlobalSection
EndGlobal
